
Microsoft Visual Studio Solution File, Format Version 12.00
# Visual Studio Version 16
VisualStudioVersion = 16.0.31911.196
MinimumVisualStudioVersion = 10.0.40219.1
Project("{9A19103F-16F7-4668-BE54-9A1E7A4F7556}") = "WeatherAPI", "WeatherAPI\WeatherAPI.csproj", "{CF8DC798-B317-45AB-B61D-9CF1553DEE54}"
EndProject
Project("{FAE04EC0-301F-11D3-BF4B-00C04F79EFBC}") = "WeatherCore", "WeatherCore\WeatherCore.csproj", "{BF618E01-9BC8-4D81-AFA2-1B4E8D0E4C3E}"
EndProject
Project("{FAE04EC0-301F-11D3-BF4B-00C04F79EFBC}") = "WeatherData", "WeatherData\WeatherData.csproj", "{4932D888-928F-4E68-AD50-FBDC42A57ECB}"
EndProject
Project("{FAE04EC0-301F-11D3-BF4B-00C04F79EFBC}") = "WeatherServices", "WeatherServices\WeatherServices.csproj", "{53F79386-2C28-4E3D-9202-8D41238122F4}"
EndProject
Global
	GlobalSection(SolutionConfigurationPlatforms) = preSolution
		Debug|Any CPU = Debug|Any CPU
		Release|Any CPU = Release|Any CPU
	EndGlobalSection
	GlobalSection(ProjectConfigurationPlatforms) = postSolution
		{CF8DC798-B317-45AB-B61D-9CF1553DEE54}.Debug|Any CPU.ActiveCfg = Debug|Any CPU
		{CF8DC798-B317-45AB-B61D-9CF1553DEE54}.Debug|Any CPU.Build.0 = Debug|Any CPU
		{CF8DC798-B317-45AB-B61D-9CF1553DEE54}.Release|Any CPU.ActiveCfg = Release|Any CPU
		{CF8DC798-B317-45AB-B61D-9CF1553DEE54}.Release|Any CPU.Build.0 = Release|Any CPU
		{BF618E01-9BC8-4D81-AFA2-1B4E8D0E4C3E}.Debug|Any CPU.ActiveCfg = Debug|Any CPU
		{BF618E01-9BC8-4D81-AFA2-1B4E8D0E4C3E}.Debug|Any CPU.Build.0 = Debug|Any CPU
		{BF618E01-9BC8-4D81-AFA2-1B4E8D0E4C3E}.Release|Any CPU.ActiveCfg = Release|Any CPU
		{BF618E01-9BC8-4D81-AFA2-1B4E8D0E4C3E}.Release|Any CPU.Build.0 = Release|Any CPU
		{4932D888-928F-4E68-AD50-FBDC42A57ECB}.Debug|Any CPU.ActiveCfg = Debug|Any CPU
		{4932D888-928F-4E68-AD50-FBDC42A57ECB}.Debug|Any CPU.Build.0 = Debug|Any CPU
		{4932D888-928F-4E68-AD50-FBDC42A57ECB}.Release|Any CPU.ActiveCfg = Release|Any CPU
		{4932D888-928F-4E68-AD50-FBDC42A57ECB}.Release|Any CPU.Build.0 = Release|Any CPU
		{53F79386-2C28-4E3D-9202-8D41238122F4}.Debug|Any CPU.ActiveCfg = Debug|Any CPU
		{53F79386-2C28-4E3D-9202-8D41238122F4}.Debug|Any CPU.Build.0 = Debug|Any CPU
		{53F79386-2C28-4E3D-9202-8D41238122F4}.Release|Any CPU.ActiveCfg = Release|Any CPU
		{53F79386-2C28-4E3D-9202-8D41238122F4}.Release|Any CPU.Build.0 = Release|Any CPU
	EndGlobalSection
	GlobalSection(SolutionProperties) = preSolution
		HideSolutionNode = FALSE
	EndGlobalSection
	GlobalSection(ExtensibilityGlobals) = postSolution
		SolutionGuid = {47958B93-2E34-4FA3-861C-FBAF9D9695F7}
	EndGlobalSection
EndGlobal
